
Microsoft Visual Studio Solution File, Format Version 12.00
# Visual Studio 15
VisualStudioVersion = 15.0.27130.2027
MinimumVisualStudioVersion = 10.0.40219.1
Project("{FAE04EC0-301F-11D3-BF4B-00C04F79EFBC}") = "task1", "ConsoleApp5\task1.csproj", "{577DBDA4-6D84-4E89-B8CF-36EFC73749DC}"
EndProject
Global
	GlobalSection(SolutionConfigurationPlatforms) = preSolution
		Debug|Any CPU = Debug|Any CPU
		Release|Any CPU = Release|Any CPU
	EndGlobalSection
	GlobalSection(ProjectConfigurationPlatforms) = postSolution
		{577DBDA4-6D84-4E89-B8CF-36EFC73749DC}.Debug|Any CPU.ActiveCfg = Debug|Any CPU
		{577DBDA4-6D84-4E89-B8CF-36EFC73749DC}.Debug|Any CPU.Build.0 = Debug|Any CPU
		{577DBDA4-6D84-4E89-B8CF-36EFC73749DC}.Release|Any CPU.ActiveCfg = Release|Any CPU
		{577DBDA4-6D84-4E89-B8CF-36EFC73749DC}.Release|Any CPU.Build.0 = Release|Any CPU
	EndGlobalSection
	GlobalSection(SolutionProperties) = preSolution
		HideSolutionNode = FALSE
	EndGlobalSection
	GlobalSection(ExtensibilityGlobals) = postSolution
		SolutionGuid = {C9A2F938-3353-4532-8FCB-6523F52F00C1}
	EndGlobalSection
EndGlobal
